<?xml version="1.0" encoding="UTF-8"?>
<!DOCTYPE plist PUBLIC "-//Apple//DTD PLIST 1.0//EN" "http://www.apple.com/DTDs/PropertyList-1.0.dtd">
<plist version="1.0">
<dict>
	<key>archiveVersion</key>
	<string>1</string>
	<key>classes</key>
	<dict/>
	<key>objectVersion</key>
	<string>46</string>
	<key>objects</key>
	<dict>
		<key>311C2F5218A64134008880A7</key>
		<dict>
			<key>isa</key>
			<string>PBXFileReference</string>
			<key>lastKnownFileType</key>
			<string>image.jpeg</string>
			<key>name</key>
			<string>Jewelry-Chains-6-1024x682.jpg</string>
			<key>path</key>
			<string>Gehne/Jewelry-Chains-6-1024x682.jpg</string>
			<key>sourceTree</key>
			<string>&lt;group&gt;</string>
		</dict>
		<key>311C2F5318A64134008880A7</key>
		<dict>
			<key>fileRef</key>
			<string>311C2F5218A64134008880A7</string>
			<key>isa</key>
			<string>PBXBuildFile</string>
		</dict>
		<key>311C2F5418A64784008880A7</key>
		<dict>
			<key>children</key>
			<array>
				<string>311C2F5818A6554F008880A7</string>
				<string>311C2F5918A6554F008880A7</string>
			</array>
			<key>isa</key>
			<string>PBXGroup</string>
			<key>name</key>
			<string>UIView</string>
			<key>sourceTree</key>
			<string>&lt;group&gt;</string>
		</dict>
		<key>311C2F5818A6554F008880A7</key>
		<dict>
			<key>fileEncoding</key>
			<string>4</string>
			<key>isa</key>
			<string>PBXFileReference</string>
			<key>lastKnownFileType</key>
			<string>sourcecode.c.h</string>
			<key>path</key>
			<string>JewelryUIView.h</string>
			<key>sourceTree</key>
			<string>&lt;group&gt;</string>
		</dict>
		<key>311C2F5918A6554F008880A7</key>
		<dict>
			<key>fileEncoding</key>
			<string>4</string>
			<key>isa</key>
			<string>PBXFileReference</string>
			<key>lastKnownFileType</key>
			<string>sourcecode.c.objc</string>
			<key>path</key>
			<string>JewelryUIView.m</string>
			<key>sourceTree</key>
			<string>&lt;group&gt;</string>
		</dict>
		<key>311C2F5A18A6554F008880A7</key>
		<dict>
			<key>fileRef</key>
			<string>311C2F5918A6554F008880A7</string>
			<key>isa</key>
			<string>PBXBuildFile</string>
		</dict>
		<key>311C2F5B18A655EA008880A7</key>
		<dict>
			<key>fileEncoding</key>
			<string>4</string>
			<key>isa</key>
			<string>PBXFileReference</string>
			<key>lastKnownFileType</key>
			<string>sourcecode.c.h</string>
			<key>path</key>
			<string>ItemInfo.h</string>
			<key>sourceTree</key>
			<string>&lt;group&gt;</string>
		</dict>
		<key>311C2F5C18A655EA008880A7</key>
		<dict>
			<key>fileEncoding</key>
			<string>4</string>
			<key>isa</key>
			<string>PBXFileReference</string>
			<key>lastKnownFileType</key>
			<string>sourcecode.c.objc</string>
			<key>path</key>
			<string>ItemInfo.m</string>
			<key>sourceTree</key>
			<string>&lt;group&gt;</string>
		</dict>
		<key>311C2F5D18A655EA008880A7</key>
		<dict>
			<key>fileRef</key>
			<string>311C2F5C18A655EA008880A7</string>
			<key>isa</key>
			<string>PBXBuildFile</string>
		</dict>
		<key>311C2F5E18A68A0A008880A7</key>
		<dict>
			<key>fileEncoding</key>
			<string>4</string>
			<key>isa</key>
			<string>PBXFileReference</string>
			<key>lastKnownFileType</key>
			<string>sourcecode.c.h</string>
			<key>path</key>
			<string>ImageScrollViewController.h</string>
			<key>sourceTree</key>
			<string>&lt;group&gt;</string>
		</dict>
		<key>311C2F5F18A68A0A008880A7</key>
		<dict>
			<key>fileEncoding</key>
			<string>4</string>
			<key>isa</key>
			<string>PBXFileReference</string>
			<key>lastKnownFileType</key>
			<string>sourcecode.c.objc</string>
			<key>path</key>
			<string>ImageScrollViewController.m</string>
			<key>sourceTree</key>
			<string>&lt;group&gt;</string>
		</dict>
		<key>311C2F6018A68A0A008880A7</key>
		<dict>
			<key>fileRef</key>
			<string>311C2F5F18A68A0A008880A7</string>
			<key>isa</key>
			<string>PBXBuildFile</string>
		</dict>
		<key>311F8C2918A5F32F00A3EF12</key>
		<dict>
			<key>children</key>
			<array>
				<string>311C2F5218A64134008880A7</string>
				<string>311F8C3B18A5F32F00A3EF12</string>
				<string>311F8C5D18A5F32F00A3EF12</string>
				<string>311F8C3418A5F32F00A3EF12</string>
				<string>311F8C3318A5F32F00A3EF12</string>
				<string>458FBAD712044D3AAF49AB3F</string>
			</array>
			<key>isa</key>
			<string>PBXGroup</string>
			<key>sourceTree</key>
			<string>&lt;group&gt;</string>
		</dict>
		<key>311F8C2A18A5F32F00A3EF12</key>
		<dict>
			<key>attributes</key>
			<dict>
				<key>LastUpgradeCheck</key>
				<string>0500</string>
				<key>ORGANIZATIONNAME</key>
				<string>Appacitive Software Pvt. Ltd.</string>
				<key>TargetAttributes</key>
				<dict>
					<key>311F8C3118A5F32F00A3EF12</key>
					<dict>
						<key>DevelopmentTeam</key>
						<string>QT73NJ9838</string>
					</dict>
					<key>311F8C5518A5F32F00A3EF12</key>
					<dict>
						<key>TestTargetID</key>
						<string>311F8C3118A5F32F00A3EF12</string>
					</dict>
				</dict>
			</dict>
			<key>buildConfigurationList</key>
			<string>311F8C2D18A5F32F00A3EF12</string>
			<key>compatibilityVersion</key>
			<string>Xcode 3.2</string>
			<key>developmentRegion</key>
			<string>English</string>
			<key>hasScannedForEncodings</key>
			<string>0</string>
			<key>isa</key>
			<string>PBXProject</string>
			<key>knownRegions</key>
			<array>
				<string>en</string>
				<string>Base</string>
			</array>
			<key>mainGroup</key>
			<string>311F8C2918A5F32F00A3EF12</string>
			<key>productRefGroup</key>
			<string>311F8C3318A5F32F00A3EF12</string>
			<key>projectDirPath</key>
			<string></string>
			<key>projectReferences</key>
			<array/>
			<key>projectRoot</key>
			<string></string>
			<key>targets</key>
			<array>
				<string>311F8C3118A5F32F00A3EF12</string>
				<string>311F8C5518A5F32F00A3EF12</string>
			</array>
		</dict>
		<key>311F8C2D18A5F32F00A3EF12</key>
		<dict>
			<key>buildConfigurations</key>
			<array>
				<string>311F8C6518A5F32F00A3EF12</string>
				<string>311F8C6618A5F32F00A3EF12</string>
			</array>
			<key>defaultConfigurationIsVisible</key>
			<string>0</string>
			<key>defaultConfigurationName</key>
			<string>Release</string>
			<key>isa</key>
			<string>XCConfigurationList</string>
		</dict>
		<key>311F8C2E18A5F32F00A3EF12</key>
		<dict>
			<key>buildActionMask</key>
			<string>2147483647</string>
			<key>files</key>
			<array>
				<string>311F8C4F18A5F32F00A3EF12</string>
				<string>311C2F6018A68A0A008880A7</string>
				<string>311F8C4618A5F32F00A3EF12</string>
				<string>311F8C7718A60B5B00A3EF12</string>
				<string>311F8C7318A60B2500A3EF12</string>
				<string>311F8C7B18A636C000A3EF12</string>
				<string>311C2F5A18A6554F008880A7</string>
				<string>311C2F5D18A655EA008880A7</string>
				<string>311F8C4218A5F32F00A3EF12</string>
				<string>311F8C7018A609A700A3EF12</string>
			</array>
			<key>isa</key>
			<string>PBXSourcesBuildPhase</string>
			<key>runOnlyForDeploymentPostprocessing</key>
			<string>0</string>
		</dict>
		<key>311F8C2F18A5F32F00A3EF12</key>
		<dict>
			<key>buildActionMask</key>
			<string>2147483647</string>
			<key>files</key>
			<array>
				<string>311F8C3818A5F32F00A3EF12</string>
				<string>311F8C3A18A5F32F00A3EF12</string>
				<string>311F8C3618A5F32F00A3EF12</string>
				<string>3FE0E9D8FE5441FE9175F6A2</string>
			</array>
			<key>isa</key>
			<string>PBXFrameworksBuildPhase</string>
			<key>runOnlyForDeploymentPostprocessing</key>
			<string>0</string>
		</dict>
		<key>311F8C3018A5F32F00A3EF12</key>
		<dict>
			<key>buildActionMask</key>
			<string>2147483647</string>
			<key>files</key>
			<array>
				<string>311F8C4C18A5F32F00A3EF12</string>
				<string>311F8C5118A5F32F00A3EF12</string>
				<string>311F8C4918A5F32F00A3EF12</string>
				<string>311F8C4018A5F32F00A3EF12</string>
				<string>311C2F5318A64134008880A7</string>
			</array>
			<key>isa</key>
			<string>PBXResourcesBuildPhase</string>
			<key>runOnlyForDeploymentPostprocessing</key>
			<string>0</string>
		</dict>
		<key>311F8C3118A5F32F00A3EF12</key>
		<dict>
			<key>buildConfigurationList</key>
			<string>311F8C6718A5F32F00A3EF12</string>
			<key>buildPhases</key>
			<array>
				<string>B602E2F4A18B4EB4A66EFECA</string>
				<string>311F8C2E18A5F32F00A3EF12</string>
				<string>311F8C2F18A5F32F00A3EF12</string>
				<string>311F8C3018A5F32F00A3EF12</string>
				<string>AEB247CA554E4CC495EB10B1</string>
			</array>
			<key>buildRules</key>
			<array/>
			<key>dependencies</key>
			<array/>
			<key>isa</key>
			<string>PBXNativeTarget</string>
			<key>name</key>
			<string>Gehne</string>
			<key>productName</key>
			<string>Gehne</string>
			<key>productReference</key>
			<string>311F8C3218A5F32F00A3EF12</string>
			<key>productType</key>
			<string>com.apple.product-type.application</string>
		</dict>
		<key>311F8C3218A5F32F00A3EF12</key>
		<dict>
			<key>explicitFileType</key>
			<string>wrapper.application</string>
			<key>includeInIndex</key>
			<string>0</string>
			<key>isa</key>
			<string>PBXFileReference</string>
			<key>path</key>
			<string>Gehne.app</string>
			<key>sourceTree</key>
			<string>BUILT_PRODUCTS_DIR</string>
		</dict>
		<key>311F8C3318A5F32F00A3EF12</key>
		<dict>
			<key>children</key>
			<array>
				<string>311F8C3218A5F32F00A3EF12</string>
				<string>311F8C5618A5F32F00A3EF12</string>
			</array>
			<key>isa</key>
			<string>PBXGroup</string>
			<key>name</key>
			<string>Products</string>
			<key>sourceTree</key>
			<string>&lt;group&gt;</string>
		</dict>
		<key>311F8C3418A5F32F00A3EF12</key>
		<dict>
			<key>children</key>
			<array>
				<string>311F8C3518A5F32F00A3EF12</string>
				<string>311F8C3718A5F32F00A3EF12</string>
				<string>311F8C3918A5F32F00A3EF12</string>
				<string>311F8C5718A5F32F00A3EF12</string>
				<string>EF564551D62B40D0BAE0BE09</string>
			</array>
			<key>isa</key>
			<string>PBXGroup</string>
			<key>name</key>
			<string>Frameworks</string>
			<key>sourceTree</key>
			<string>&lt;group&gt;</string>
		</dict>
		<key>311F8C3518A5F32F00A3EF12</key>
		<dict>
			<key>isa</key>
			<string>PBXFileReference</string>
			<key>lastKnownFileType</key>
			<string>wrapper.framework</string>
			<key>name</key>
			<string>Foundation.framework</string>
			<key>path</key>
			<string>System/Library/Frameworks/Foundation.framework</string>
			<key>sourceTree</key>
			<string>SDKROOT</string>
		</dict>
		<key>311F8C3618A5F32F00A3EF12</key>
		<dict>
			<key>fileRef</key>
			<string>311F8C3518A5F32F00A3EF12</string>
			<key>isa</key>
			<string>PBXBuildFile</string>
		</dict>
		<key>311F8C3718A5F32F00A3EF12</key>
		<dict>
			<key>isa</key>
			<string>PBXFileReference</string>
			<key>lastKnownFileType</key>
			<string>wrapper.framework</string>
			<key>name</key>
			<string>CoreGraphics.framework</string>
			<key>path</key>
			<string>System/Library/Frameworks/CoreGraphics.framework</string>
			<key>sourceTree</key>
			<string>SDKROOT</string>
		</dict>
		<key>311F8C3818A5F32F00A3EF12</key>
		<dict>
			<key>fileRef</key>
			<string>311F8C3718A5F32F00A3EF12</string>
			<key>isa</key>
			<string>PBXBuildFile</string>
		</dict>
		<key>311F8C3918A5F32F00A3EF12</key>
		<dict>
			<key>isa</key>
			<string>PBXFileReference</string>
			<key>lastKnownFileType</key>
			<string>wrapper.framework</string>
			<key>name</key>
			<string>UIKit.framework</string>
			<key>path</key>
			<string>System/Library/Frameworks/UIKit.framework</string>
			<key>sourceTree</key>
			<string>SDKROOT</string>
		</dict>
		<key>311F8C3A18A5F32F00A3EF12</key>
		<dict>
			<key>fileRef</key>
			<string>311F8C3918A5F32F00A3EF12</string>
			<key>isa</key>
			<string>PBXBuildFile</string>
		</dict>
		<key>311F8C3B18A5F32F00A3EF12</key>
		<dict>
			<key>children</key>
			<array>
				<string>311C2F5418A64784008880A7</string>
				<string>311F8C7818A6369C00A3EF12</string>
				<string>311F8C7418A60B4500A3EF12</string>
				<string>311F8C6D18A6092000A3EF12</string>
				<string>311F8C4418A5F32F00A3EF12</string>
				<string>311F8C4518A5F32F00A3EF12</string>
				<string>311F8C4718A5F32F00A3EF12</string>
				<string>311F8C4A18A5F32F00A3EF12</string>
				<string>311F8C5018A5F32F00A3EF12</string>
				<string>311F8C3C18A5F32F00A3EF12</string>
			</array>
			<key>isa</key>
			<string>PBXGroup</string>
			<key>path</key>
			<string>Gehne</string>
			<key>sourceTree</key>
			<string>&lt;group&gt;</string>
		</dict>
		<key>311F8C3C18A5F32F00A3EF12</key>
		<dict>
			<key>children</key>
			<array>
				<string>311F8C3D18A5F32F00A3EF12</string>
				<string>311F8C3E18A5F32F00A3EF12</string>
				<string>311F8C4118A5F32F00A3EF12</string>
				<string>311F8C4318A5F32F00A3EF12</string>
			</array>
			<key>isa</key>
			<string>PBXGroup</string>
			<key>name</key>
			<string>Supporting Files</string>
			<key>sourceTree</key>
			<string>&lt;group&gt;</string>
		</dict>
		<key>311F8C3D18A5F32F00A3EF12</key>
		<dict>
			<key>isa</key>
			<string>PBXFileReference</string>
			<key>lastKnownFileType</key>
			<string>text.plist.xml</string>
			<key>path</key>
			<string>Gehne-Info.plist</string>
			<key>sourceTree</key>
			<string>&lt;group&gt;</string>
		</dict>
		<key>311F8C3E18A5F32F00A3EF12</key>
		<dict>
			<key>children</key>
			<array>
				<string>311F8C3F18A5F32F00A3EF12</string>
			</array>
			<key>isa</key>
			<string>PBXVariantGroup</string>
			<key>name</key>
			<string>InfoPlist.strings</string>
			<key>sourceTree</key>
			<string>&lt;group&gt;</string>
		</dict>
		<key>311F8C3F18A5F32F00A3EF12</key>
		<dict>
			<key>isa</key>
			<string>PBXFileReference</string>
			<key>lastKnownFileType</key>
			<string>text.plist.strings</string>
			<key>name</key>
			<string>en</string>
			<key>path</key>
			<string>en.lproj/InfoPlist.strings</string>
			<key>sourceTree</key>
			<string>&lt;group&gt;</string>
		</dict>
		<key>311F8C4018A5F32F00A3EF12</key>
		<dict>
			<key>fileRef</key>
			<string>311F8C3E18A5F32F00A3EF12</string>
			<key>isa</key>
			<string>PBXBuildFile</string>
		</dict>
		<key>311F8C4118A5F32F00A3EF12</key>
		<dict>
			<key>isa</key>
			<string>PBXFileReference</string>
			<key>lastKnownFileType</key>
			<string>sourcecode.c.objc</string>
			<key>path</key>
			<string>main.m</string>
			<key>sourceTree</key>
			<string>&lt;group&gt;</string>
		</dict>
		<key>311F8C4218A5F32F00A3EF12</key>
		<dict>
			<key>fileRef</key>
			<string>311F8C4118A5F32F00A3EF12</string>
			<key>isa</key>
			<string>PBXBuildFile</string>
		</dict>
		<key>311F8C4318A5F32F00A3EF12</key>
		<dict>
			<key>isa</key>
			<string>PBXFileReference</string>
			<key>lastKnownFileType</key>
			<string>sourcecode.c.h</string>
			<key>path</key>
			<string>Gehne-Prefix.pch</string>
			<key>sourceTree</key>
			<string>&lt;group&gt;</string>
		</dict>
		<key>311F8C4418A5F32F00A3EF12</key>
		<dict>
			<key>isa</key>
			<string>PBXFileReference</string>
			<key>lastKnownFileType</key>
			<string>sourcecode.c.h</string>
			<key>path</key>
			<string>AppDelegate.h</string>
			<key>sourceTree</key>
			<string>&lt;group&gt;</string>
		</dict>
		<key>311F8C4518A5F32F00A3EF12</key>
		<dict>
			<key>isa</key>
			<string>PBXFileReference</string>
			<key>lastKnownFileType</key>
			<string>sourcecode.c.objc</string>
			<key>path</key>
			<string>AppDelegate.m</string>
			<key>sourceTree</key>
			<string>&lt;group&gt;</string>
		</dict>
		<key>311F8C4618A5F32F00A3EF12</key>
		<dict>
			<key>fileRef</key>
			<string>311F8C4518A5F32F00A3EF12</string>
			<key>isa</key>
			<string>PBXBuildFile</string>
		</dict>
		<key>311F8C4718A5F32F00A3EF12</key>
		<dict>
			<key>children</key>
			<array>
				<string>311F8C4818A5F32F00A3EF12</string>
			</array>
			<key>isa</key>
			<string>PBXVariantGroup</string>
			<key>name</key>
			<string>Main_iPhone.storyboard</string>
			<key>sourceTree</key>
			<string>&lt;group&gt;</string>
		</dict>
		<key>311F8C4818A5F32F00A3EF12</key>
		<dict>
			<key>isa</key>
			<string>PBXFileReference</string>
			<key>lastKnownFileType</key>
			<string>file.storyboard</string>
			<key>name</key>
			<string>Base</string>
			<key>path</key>
			<string>Base.lproj/Main_iPhone.storyboard</string>
			<key>sourceTree</key>
			<string>&lt;group&gt;</string>
		</dict>
		<key>311F8C4918A5F32F00A3EF12</key>
		<dict>
			<key>fileRef</key>
			<string>311F8C4718A5F32F00A3EF12</string>
			<key>isa</key>
			<string>PBXBuildFile</string>
		</dict>
		<key>311F8C4A18A5F32F00A3EF12</key>
		<dict>
			<key>children</key>
			<array>
				<string>311F8C4B18A5F32F00A3EF12</string>
			</array>
			<key>isa</key>
			<string>PBXVariantGroup</string>
			<key>name</key>
			<string>Main_iPad.storyboard</string>
			<key>sourceTree</key>
			<string>&lt;group&gt;</string>
		</dict>
		<key>311F8C4B18A5F32F00A3EF12</key>
		<dict>
			<key>isa</key>
			<string>PBXFileReference</string>
			<key>lastKnownFileType</key>
			<string>file.storyboard</string>
			<key>name</key>
			<string>Base</string>
			<key>path</key>
			<string>Base.lproj/Main_iPad.storyboard</string>
			<key>sourceTree</key>
			<string>&lt;group&gt;</string>
		</dict>
		<key>311F8C4C18A5F32F00A3EF12</key>
		<dict>
			<key>fileRef</key>
			<string>311F8C4A18A5F32F00A3EF12</string>
			<key>isa</key>
			<string>PBXBuildFile</string>
		</dict>
		<key>311F8C4D18A5F32F00A3EF12</key>
		<dict>
			<key>isa</key>
			<string>PBXFileReference</string>
			<key>lastKnownFileType</key>
			<string>sourcecode.c.h</string>
			<key>path</key>
			<string>RegisterViewController.h</string>
			<key>sourceTree</key>
			<string>&lt;group&gt;</string>
		</dict>
		<key>311F8C4E18A5F32F00A3EF12</key>
		<dict>
			<key>isa</key>
			<string>PBXFileReference</string>
			<key>lastKnownFileType</key>
			<string>sourcecode.c.objc</string>
			<key>path</key>
			<string>RegisterViewController.m</string>
			<key>sourceTree</key>
			<string>&lt;group&gt;</string>
		</dict>
		<key>311F8C4F18A5F32F00A3EF12</key>
		<dict>
			<key>fileRef</key>
			<string>311F8C4E18A5F32F00A3EF12</string>
			<key>isa</key>
			<string>PBXBuildFile</string>
		</dict>
		<key>311F8C5018A5F32F00A3EF12</key>
		<dict>
			<key>isa</key>
			<string>PBXFileReference</string>
			<key>lastKnownFileType</key>
			<string>folder.assetcatalog</string>
			<key>path</key>
			<string>Images.xcassets</string>
			<key>sourceTree</key>
			<string>&lt;group&gt;</string>
		</dict>
		<key>311F8C5118A5F32F00A3EF12</key>
		<dict>
			<key>fileRef</key>
			<string>311F8C5018A5F32F00A3EF12</string>
			<key>isa</key>
			<string>PBXBuildFile</string>
		</dict>
		<key>311F8C5218A5F32F00A3EF12</key>
		<dict>
			<key>buildActionMask</key>
			<string>2147483647</string>
			<key>files</key>
			<array>
				<string>311F8C6418A5F32F00A3EF12</string>
			</array>
			<key>isa</key>
			<string>PBXSourcesBuildPhase</string>
			<key>runOnlyForDeploymentPostprocessing</key>
			<string>0</string>
		</dict>
		<key>311F8C5318A5F32F00A3EF12</key>
		<dict>
			<key>buildActionMask</key>
			<string>2147483647</string>
			<key>files</key>
			<array>
				<string>311F8C5818A5F32F00A3EF12</string>
				<string>311F8C5A18A5F32F00A3EF12</string>
				<string>311F8C5918A5F32F00A3EF12</string>
			</array>
			<key>isa</key>
			<string>PBXFrameworksBuildPhase</string>
			<key>runOnlyForDeploymentPostprocessing</key>
			<string>0</string>
		</dict>
		<key>311F8C5418A5F32F00A3EF12</key>
		<dict>
			<key>buildActionMask</key>
			<string>2147483647</string>
			<key>files</key>
			<array>
				<string>311F8C6218A5F32F00A3EF12</string>
			</array>
			<key>isa</key>
			<string>PBXResourcesBuildPhase</string>
			<key>runOnlyForDeploymentPostprocessing</key>
			<string>0</string>
		</dict>
		<key>311F8C5518A5F32F00A3EF12</key>
		<dict>
			<key>buildConfigurationList</key>
			<string>311F8C6A18A5F32F00A3EF12</string>
			<key>buildPhases</key>
			<array>
				<string>311F8C5218A5F32F00A3EF12</string>
				<string>311F8C5318A5F32F00A3EF12</string>
				<string>311F8C5418A5F32F00A3EF12</string>
			</array>
			<key>buildRules</key>
			<array/>
			<key>dependencies</key>
			<array>
				<string>311F8C5C18A5F32F00A3EF12</string>
			</array>
			<key>isa</key>
			<string>PBXNativeTarget</string>
			<key>name</key>
			<string>GehneTests</string>
			<key>productName</key>
			<string>GehneTests</string>
			<key>productReference</key>
			<string>311F8C5618A5F32F00A3EF12</string>
			<key>productType</key>
			<string>com.apple.product-type.bundle.unit-test</string>
		</dict>
		<key>311F8C5618A5F32F00A3EF12</key>
		<dict>
			<key>explicitFileType</key>
			<string>wrapper.cfbundle</string>
			<key>includeInIndex</key>
			<string>0</string>
			<key>isa</key>
			<string>PBXFileReference</string>
			<key>path</key>
			<string>GehneTests.xctest</string>
			<key>sourceTree</key>
			<string>BUILT_PRODUCTS_DIR</string>
		</dict>
		<key>311F8C5718A5F32F00A3EF12</key>
		<dict>
			<key>isa</key>
			<string>PBXFileReference</string>
			<key>lastKnownFileType</key>
			<string>wrapper.framework</string>
			<key>name</key>
			<string>XCTest.framework</string>
			<key>path</key>
			<string>Library/Frameworks/XCTest.framework</string>
			<key>sourceTree</key>
			<string>DEVELOPER_DIR</string>
		</dict>
		<key>311F8C5818A5F32F00A3EF12</key>
		<dict>
			<key>fileRef</key>
			<string>311F8C5718A5F32F00A3EF12</string>
			<key>isa</key>
			<string>PBXBuildFile</string>
		</dict>
		<key>311F8C5918A5F32F00A3EF12</key>
		<dict>
			<key>fileRef</key>
			<string>311F8C3518A5F32F00A3EF12</string>
			<key>isa</key>
			<string>PBXBuildFile</string>
		</dict>
		<key>311F8C5A18A5F32F00A3EF12</key>
		<dict>
			<key>fileRef</key>
			<string>311F8C3918A5F32F00A3EF12</string>
			<key>isa</key>
			<string>PBXBuildFile</string>
		</dict>
		<key>311F8C5B18A5F32F00A3EF12</key>
		<dict>
			<key>containerPortal</key>
			<string>311F8C2A18A5F32F00A3EF12</string>
			<key>isa</key>
			<string>PBXContainerItemProxy</string>
			<key>proxyType</key>
			<string>1</string>
			<key>remoteGlobalIDString</key>
			<string>311F8C3118A5F32F00A3EF12</string>
			<key>remoteInfo</key>
			<string>Gehne</string>
		</dict>
		<key>311F8C5C18A5F32F00A3EF12</key>
		<dict>
			<key>isa</key>
			<string>PBXTargetDependency</string>
			<key>target</key>
			<string>311F8C3118A5F32F00A3EF12</string>
			<key>targetProxy</key>
			<string>311F8C5B18A5F32F00A3EF12</string>
		</dict>
		<key>311F8C5D18A5F32F00A3EF12</key>
		<dict>
			<key>children</key>
			<array>
				<string>311F8C6318A5F32F00A3EF12</string>
				<string>311F8C5E18A5F32F00A3EF12</string>
			</array>
			<key>isa</key>
			<string>PBXGroup</string>
			<key>path</key>
			<string>GehneTests</string>
			<key>sourceTree</key>
			<string>&lt;group&gt;</string>
		</dict>
		<key>311F8C5E18A5F32F00A3EF12</key>
		<dict>
			<key>children</key>
			<array>
				<string>311F8C5F18A5F32F00A3EF12</string>
				<string>311F8C6018A5F32F00A3EF12</string>
			</array>
			<key>isa</key>
			<string>PBXGroup</string>
			<key>name</key>
			<string>Supporting Files</string>
			<key>sourceTree</key>
			<string>&lt;group&gt;</string>
		</dict>
		<key>311F8C5F18A5F32F00A3EF12</key>
		<dict>
			<key>isa</key>
			<string>PBXFileReference</string>
			<key>lastKnownFileType</key>
			<string>text.plist.xml</string>
			<key>path</key>
			<string>GehneTests-Info.plist</string>
			<key>sourceTree</key>
			<string>&lt;group&gt;</string>
		</dict>
		<key>311F8C6018A5F32F00A3EF12</key>
		<dict>
			<key>children</key>
			<array>
				<string>311F8C6118A5F32F00A3EF12</string>
			</array>
			<key>isa</key>
			<string>PBXVariantGroup</string>
			<key>name</key>
			<string>InfoPlist.strings</string>
			<key>sourceTree</key>
			<string>&lt;group&gt;</string>
		</dict>
		<key>311F8C6118A5F32F00A3EF12</key>
		<dict>
			<key>isa</key>
			<string>PBXFileReference</string>
			<key>lastKnownFileType</key>
			<string>text.plist.strings</string>
			<key>name</key>
			<string>en</string>
			<key>path</key>
			<string>en.lproj/InfoPlist.strings</string>
			<key>sourceTree</key>
			<string>&lt;group&gt;</string>
		</dict>
		<key>311F8C6218A5F32F00A3EF12</key>
		<dict>
			<key>fileRef</key>
			<string>311F8C6018A5F32F00A3EF12</string>
			<key>isa</key>
			<string>PBXBuildFile</string>
		</dict>
		<key>311F8C6318A5F32F00A3EF12</key>
		<dict>
			<key>isa</key>
			<string>PBXFileReference</string>
			<key>lastKnownFileType</key>
			<string>sourcecode.c.objc</string>
			<key>path</key>
			<string>GehneTests.m</string>
			<key>sourceTree</key>
			<string>&lt;group&gt;</string>
		</dict>
		<key>311F8C6418A5F32F00A3EF12</key>
		<dict>
			<key>fileRef</key>
			<string>311F8C6318A5F32F00A3EF12</string>
			<key>isa</key>
			<string>PBXBuildFile</string>
		</dict>
		<key>311F8C6518A5F32F00A3EF12</key>
		<dict>
			<key>buildSettings</key>
			<dict>
				<key>ALWAYS_SEARCH_USER_PATHS</key>
				<string>NO</string>
				<key>ARCHS</key>
				<string>$(ARCHS_STANDARD_INCLUDING_64_BIT)</string>
				<key>CLANG_CXX_LANGUAGE_STANDARD</key>
				<string>gnu++0x</string>
				<key>CLANG_CXX_LIBRARY</key>
				<string>libc++</string>
				<key>CLANG_ENABLE_MODULES</key>
				<string>YES</string>
				<key>CLANG_ENABLE_OBJC_ARC</key>
				<string>YES</string>
				<key>CLANG_WARN_BOOL_CONVERSION</key>
				<string>YES</string>
				<key>CLANG_WARN_CONSTANT_CONVERSION</key>
				<string>YES</string>
				<key>CLANG_WARN_DIRECT_OBJC_ISA_USAGE</key>
				<string>YES_ERROR</string>
				<key>CLANG_WARN_EMPTY_BODY</key>
				<string>YES</string>
				<key>CLANG_WARN_ENUM_CONVERSION</key>
				<string>YES</string>
				<key>CLANG_WARN_INT_CONVERSION</key>
				<string>YES</string>
				<key>CLANG_WARN_OBJC_ROOT_CLASS</key>
				<string>YES_ERROR</string>
				<key>CLANG_WARN__DUPLICATE_METHOD_MATCH</key>
				<string>YES</string>
				<key>CODE_SIGN_IDENTITY[sdk=iphoneos*]</key>
				<string>iPhone Developer</string>
				<key>COPY_PHASE_STRIP</key>
				<string>NO</string>
				<key>GCC_C_LANGUAGE_STANDARD</key>
				<string>gnu99</string>
				<key>GCC_DYNAMIC_NO_PIC</key>
				<string>NO</string>
				<key>GCC_OPTIMIZATION_LEVEL</key>
				<string>0</string>
				<key>GCC_PREPROCESSOR_DEFINITIONS</key>
				<array>
					<string>DEBUG=1</string>
					<string>$(inherited)</string>
				</array>
				<key>GCC_SYMBOLS_PRIVATE_EXTERN</key>
				<string>NO</string>
				<key>GCC_WARN_64_TO_32_BIT_CONVERSION</key>
				<string>YES</string>
				<key>GCC_WARN_ABOUT_RETURN_TYPE</key>
				<string>YES_ERROR</string>
				<key>GCC_WARN_UNDECLARED_SELECTOR</key>
				<string>YES</string>
				<key>GCC_WARN_UNINITIALIZED_AUTOS</key>
				<string>YES</string>
				<key>GCC_WARN_UNUSED_FUNCTION</key>
				<string>YES</string>
				<key>GCC_WARN_UNUSED_VARIABLE</key>
				<string>YES</string>
				<key>IPHONEOS_DEPLOYMENT_TARGET</key>
				<string>7.0</string>
				<key>ONLY_ACTIVE_ARCH</key>
				<string>YES</string>
				<key>SDKROOT</key>
				<string>iphoneos</string>
				<key>TARGETED_DEVICE_FAMILY</key>
				<string>1,2</string>
			</dict>
			<key>isa</key>
			<string>XCBuildConfiguration</string>
			<key>name</key>
			<string>Debug</string>
		</dict>
		<key>311F8C6618A5F32F00A3EF12</key>
		<dict>
			<key>buildSettings</key>
			<dict>
				<key>ALWAYS_SEARCH_USER_PATHS</key>
				<string>NO</string>
				<key>ARCHS</key>
				<string>$(ARCHS_STANDARD_INCLUDING_64_BIT)</string>
				<key>CLANG_CXX_LANGUAGE_STANDARD</key>
				<string>gnu++0x</string>
				<key>CLANG_CXX_LIBRARY</key>
				<string>libc++</string>
				<key>CLANG_ENABLE_MODULES</key>
				<string>YES</string>
				<key>CLANG_ENABLE_OBJC_ARC</key>
				<string>YES</string>
				<key>CLANG_WARN_BOOL_CONVERSION</key>
				<string>YES</string>
				<key>CLANG_WARN_CONSTANT_CONVERSION</key>
				<string>YES</string>
				<key>CLANG_WARN_DIRECT_OBJC_ISA_USAGE</key>
				<string>YES_ERROR</string>
				<key>CLANG_WARN_EMPTY_BODY</key>
				<string>YES</string>
				<key>CLANG_WARN_ENUM_CONVERSION</key>
				<string>YES</string>
				<key>CLANG_WARN_INT_CONVERSION</key>
				<string>YES</string>
				<key>CLANG_WARN_OBJC_ROOT_CLASS</key>
				<string>YES_ERROR</string>
				<key>CLANG_WARN__DUPLICATE_METHOD_MATCH</key>
				<string>YES</string>
				<key>CODE_SIGN_IDENTITY[sdk=iphoneos*]</key>
				<string>iPhone Developer</string>
				<key>COPY_PHASE_STRIP</key>
				<string>YES</string>
				<key>ENABLE_NS_ASSERTIONS</key>
				<string>NO</string>
				<key>GCC_C_LANGUAGE_STANDARD</key>
				<string>gnu99</string>
				<key>GCC_WARN_64_TO_32_BIT_CONVERSION</key>
				<string>YES</string>
				<key>GCC_WARN_ABOUT_RETURN_TYPE</key>
				<string>YES_ERROR</string>
				<key>GCC_WARN_UNDECLARED_SELECTOR</key>
				<string>YES</string>
				<key>GCC_WARN_UNINITIALIZED_AUTOS</key>
				<string>YES</string>
				<key>GCC_WARN_UNUSED_FUNCTION</key>
				<string>YES</string>
				<key>GCC_WARN_UNUSED_VARIABLE</key>
				<string>YES</string>
				<key>IPHONEOS_DEPLOYMENT_TARGET</key>
				<string>7.0</string>
				<key>SDKROOT</key>
				<string>iphoneos</string>
				<key>TARGETED_DEVICE_FAMILY</key>
				<string>1,2</string>
				<key>VALIDATE_PRODUCT</key>
				<string>YES</string>
			</dict>
			<key>isa</key>
			<string>XCBuildConfiguration</string>
			<key>name</key>
			<string>Release</string>
		</dict>
		<key>311F8C6718A5F32F00A3EF12</key>
		<dict>
			<key>buildConfigurations</key>
			<array>
				<string>311F8C6818A5F32F00A3EF12</string>
				<string>311F8C6918A5F32F00A3EF12</string>
			</array>
			<key>defaultConfigurationIsVisible</key>
			<string>0</string>
			<key>defaultConfigurationName</key>
			<string>Release</string>
			<key>isa</key>
			<string>XCConfigurationList</string>
		</dict>
		<key>311F8C6818A5F32F00A3EF12</key>
		<dict>
			<key>baseConfigurationReference</key>
			<string>458FBAD712044D3AAF49AB3F</string>
			<key>buildSettings</key>
			<dict>
				<key>ASSETCATALOG_COMPILER_APPICON_NAME</key>
				<string>AppIcon</string>
				<key>ASSETCATALOG_COMPILER_LAUNCHIMAGE_NAME</key>
				<string>LaunchImage</string>
				<key>CODE_SIGN_IDENTITY</key>
				<string>iPhone Developer</string>
				<key>CODE_SIGN_IDENTITY[sdk=iphoneos*]</key>
				<string>iPhone Developer</string>
				<key>GCC_PRECOMPILE_PREFIX_HEADER</key>
				<string>YES</string>
				<key>GCC_PREFIX_HEADER</key>
				<string>Gehne/Gehne-Prefix.pch</string>
				<key>INFOPLIST_FILE</key>
				<string>Gehne/Gehne-Info.plist</string>
				<key>IPHONEOS_DEPLOYMENT_TARGET</key>
				<string>7.0</string>
				<key>PRODUCT_NAME</key>
				<string>$(TARGET_NAME)</string>
				<key>PROVISIONING_PROFILE</key>
				<string></string>
				<key>TARGETED_DEVICE_FAMILY</key>
				<string>1,2</string>
				<key>WRAPPER_EXTENSION</key>
				<string>app</string>
			</dict>
			<key>isa</key>
			<string>XCBuildConfiguration</string>
			<key>name</key>
			<string>Debug</string>
		</dict>
		<key>311F8C6918A5F32F00A3EF12</key>
		<dict>
			<key>baseConfigurationReference</key>
			<string>458FBAD712044D3AAF49AB3F</string>
			<key>buildSettings</key>
			<dict>
				<key>ASSETCATALOG_COMPILER_APPICON_NAME</key>
				<string>AppIcon</string>
				<key>ASSETCATALOG_COMPILER_LAUNCHIMAGE_NAME</key>
				<string>LaunchImage</string>
				<key>CODE_SIGN_IDENTITY</key>
				<string>iPhone Developer</string>
				<key>CODE_SIGN_IDENTITY[sdk=iphoneos*]</key>
				<string>iPhone Developer</string>
				<key>GCC_PRECOMPILE_PREFIX_HEADER</key>
				<string>YES</string>
				<key>GCC_PREFIX_HEADER</key>
				<string>Gehne/Gehne-Prefix.pch</string>
				<key>INFOPLIST_FILE</key>
				<string>Gehne/Gehne-Info.plist</string>
				<key>IPHONEOS_DEPLOYMENT_TARGET</key>
				<string>7.0</string>
				<key>PRODUCT_NAME</key>
				<string>$(TARGET_NAME)</string>
				<key>PROVISIONING_PROFILE</key>
				<string></string>
				<key>TARGETED_DEVICE_FAMILY</key>
				<string>1,2</string>
				<key>WRAPPER_EXTENSION</key>
				<string>app</string>
			</dict>
			<key>isa</key>
			<string>XCBuildConfiguration</string>
			<key>name</key>
			<string>Release</string>
		</dict>
		<key>311F8C6A18A5F32F00A3EF12</key>
		<dict>
			<key>buildConfigurations</key>
			<array>
				<string>311F8C6B18A5F32F00A3EF12</string>
				<string>311F8C6C18A5F32F00A3EF12</string>
			</array>
			<key>defaultConfigurationIsVisible</key>
			<string>0</string>
			<key>defaultConfigurationName</key>
			<string>Release</string>
			<key>isa</key>
			<string>XCConfigurationList</string>
		</dict>
		<key>311F8C6B18A5F32F00A3EF12</key>
		<dict>
			<key>buildSettings</key>
			<dict>
				<key>ARCHS</key>
				<string>$(ARCHS_STANDARD_INCLUDING_64_BIT)</string>
				<key>BUNDLE_LOADER</key>
				<string>$(BUILT_PRODUCTS_DIR)/Gehne.app/Gehne</string>
				<key>FRAMEWORK_SEARCH_PATHS</key>
				<array>
					<string>$(SDKROOT)/Developer/Library/Frameworks</string>
					<string>$(inherited)</string>
					<string>$(DEVELOPER_FRAMEWORKS_DIR)</string>
				</array>
				<key>GCC_PRECOMPILE_PREFIX_HEADER</key>
				<string>YES</string>
				<key>GCC_PREFIX_HEADER</key>
				<string>Gehne/Gehne-Prefix.pch</string>
				<key>GCC_PREPROCESSOR_DEFINITIONS</key>
				<array>
					<string>DEBUG=1</string>
					<string>$(inherited)</string>
				</array>
				<key>INFOPLIST_FILE</key>
				<string>GehneTests/GehneTests-Info.plist</string>
				<key>PRODUCT_NAME</key>
				<string>$(TARGET_NAME)</string>
				<key>TEST_HOST</key>
				<string>$(BUNDLE_LOADER)</string>
				<key>WRAPPER_EXTENSION</key>
				<string>xctest</string>
			</dict>
			<key>isa</key>
			<string>XCBuildConfiguration</string>
			<key>name</key>
			<string>Debug</string>
		</dict>
		<key>311F8C6C18A5F32F00A3EF12</key>
		<dict>
			<key>buildSettings</key>
			<dict>
				<key>ARCHS</key>
				<string>$(ARCHS_STANDARD_INCLUDING_64_BIT)</string>
				<key>BUNDLE_LOADER</key>
				<string>$(BUILT_PRODUCTS_DIR)/Gehne.app/Gehne</string>
				<key>FRAMEWORK_SEARCH_PATHS</key>
				<array>
					<string>$(SDKROOT)/Developer/Library/Frameworks</string>
					<string>$(inherited)</string>
					<string>$(DEVELOPER_FRAMEWORKS_DIR)</string>
				</array>
				<key>GCC_PRECOMPILE_PREFIX_HEADER</key>
				<string>YES</string>
				<key>GCC_PREFIX_HEADER</key>
				<string>Gehne/Gehne-Prefix.pch</string>
				<key>INFOPLIST_FILE</key>
				<string>GehneTests/GehneTests-Info.plist</string>
				<key>PRODUCT_NAME</key>
				<string>$(TARGET_NAME)</string>
				<key>TEST_HOST</key>
				<string>$(BUNDLE_LOADER)</string>
				<key>WRAPPER_EXTENSION</key>
				<string>xctest</string>
			</dict>
			<key>isa</key>
			<string>XCBuildConfiguration</string>
			<key>name</key>
			<string>Release</string>
		</dict>
		<key>311F8C6D18A6092000A3EF12</key>
		<dict>
			<key>children</key>
			<array>
				<string>311F8C6E18A609A700A3EF12</string>
				<string>311F8C6F18A609A700A3EF12</string>
				<string>311F8C7118A60B2500A3EF12</string>
				<string>311F8C7218A60B2500A3EF12</string>
			</array>
			<key>isa</key>
			<string>PBXGroup</string>
			<key>name</key>
			<string>Appacitive</string>
			<key>sourceTree</key>
			<string>&lt;group&gt;</string>
		</dict>
		<key>311F8C6E18A609A700A3EF12</key>
		<dict>
			<key>fileEncoding</key>
			<string>4</string>
			<key>isa</key>
			<string>PBXFileReference</string>
			<key>lastKnownFileType</key>
			<string>sourcecode.c.h</string>
			<key>path</key>
			<string>Data.h</string>
			<key>sourceTree</key>
			<string>&lt;group&gt;</string>
		</dict>
		<key>311F8C6F18A609A700A3EF12</key>
		<dict>
			<key>fileEncoding</key>
			<string>4</string>
			<key>isa</key>
			<string>PBXFileReference</string>
			<key>lastKnownFileType</key>
			<string>sourcecode.c.objc</string>
			<key>path</key>
			<string>Data.m</string>
			<key>sourceTree</key>
			<string>&lt;group&gt;</string>
		</dict>
		<key>311F8C7018A609A700A3EF12</key>
		<dict>
			<key>fileRef</key>
			<string>311F8C6F18A609A700A3EF12</string>
			<key>isa</key>
			<string>PBXBuildFile</string>
		</dict>
		<key>311F8C7118A60B2500A3EF12</key>
		<dict>
			<key>fileEncoding</key>
			<string>4</string>
			<key>isa</key>
			<string>PBXFileReference</string>
			<key>lastKnownFileType</key>
			<string>sourcecode.c.h</string>
			<key>path</key>
			<string>AppacitiveLayer.h</string>
			<key>sourceTree</key>
			<string>&lt;group&gt;</string>
		</dict>
		<key>311F8C7218A60B2500A3EF12</key>
		<dict>
			<key>fileEncoding</key>
			<string>4</string>
			<key>isa</key>
			<string>PBXFileReference</string>
			<key>lastKnownFileType</key>
			<string>sourcecode.c.objc</string>
			<key>path</key>
			<string>AppacitiveLayer.m</string>
			<key>sourceTree</key>
			<string>&lt;group&gt;</string>
		</dict>
		<key>311F8C7318A60B2500A3EF12</key>
		<dict>
			<key>fileRef</key>
			<string>311F8C7218A60B2500A3EF12</string>
			<key>isa</key>
			<string>PBXBuildFile</string>
		</dict>
		<key>311F8C7418A60B4500A3EF12</key>
		<dict>
			<key>children</key>
			<array>
				<string>311F8C7518A60B5B00A3EF12</string>
				<string>311F8C7618A60B5B00A3EF12</string>
				<string>311C2F5B18A655EA008880A7</string>
				<string>311C2F5C18A655EA008880A7</string>
			</array>
			<key>isa</key>
			<string>PBXGroup</string>
			<key>name</key>
			<string>Model</string>
			<key>sourceTree</key>
			<string>&lt;group&gt;</string>
		</dict>
		<key>311F8C7518A60B5B00A3EF12</key>
		<dict>
			<key>fileEncoding</key>
			<string>4</string>
			<key>isa</key>
			<string>PBXFileReference</string>
			<key>lastKnownFileType</key>
			<string>sourcecode.c.h</string>
			<key>path</key>
			<string>UserProfile.h</string>
			<key>sourceTree</key>
			<string>&lt;group&gt;</string>
		</dict>
		<key>311F8C7618A60B5B00A3EF12</key>
		<dict>
			<key>fileEncoding</key>
			<string>4</string>
			<key>isa</key>
			<string>PBXFileReference</string>
			<key>lastKnownFileType</key>
			<string>sourcecode.c.objc</string>
			<key>path</key>
			<string>UserProfile.m</string>
			<key>sourceTree</key>
			<string>&lt;group&gt;</string>
		</dict>
		<key>311F8C7718A60B5B00A3EF12</key>
		<dict>
			<key>fileRef</key>
			<string>311F8C7618A60B5B00A3EF12</string>
			<key>isa</key>
			<string>PBXBuildFile</string>
		</dict>
		<key>311F8C7818A6369C00A3EF12</key>
		<dict>
			<key>children</key>
			<array>
				<string>311F8C4D18A5F32F00A3EF12</string>
				<string>311F8C4E18A5F32F00A3EF12</string>
				<string>311F8C7918A636C000A3EF12</string>
				<string>311F8C7A18A636C000A3EF12</string>
				<string>311C2F5E18A68A0A008880A7</string>
				<string>311C2F5F18A68A0A008880A7</string>
			</array>
			<key>isa</key>
			<string>PBXGroup</string>
			<key>name</key>
			<string>ViewControllers</string>
			<key>sourceTree</key>
			<string>&lt;group&gt;</string>
		</dict>
		<key>311F8C7918A636C000A3EF12</key>
		<dict>
			<key>fileEncoding</key>
			<string>4</string>
			<key>isa</key>
			<string>PBXFileReference</string>
			<key>lastKnownFileType</key>
			<string>sourcecode.c.h</string>
			<key>path</key>
			<string>MainViewController.h</string>
			<key>sourceTree</key>
			<string>&lt;group&gt;</string>
		</dict>
		<key>311F8C7A18A636C000A3EF12</key>
		<dict>
			<key>fileEncoding</key>
			<string>4</string>
			<key>isa</key>
			<string>PBXFileReference</string>
			<key>lastKnownFileType</key>
			<string>sourcecode.c.objc</string>
			<key>path</key>
			<string>MainViewController.m</string>
			<key>sourceTree</key>
			<string>&lt;group&gt;</string>
		</dict>
		<key>311F8C7B18A636C000A3EF12</key>
		<dict>
			<key>fileRef</key>
			<string>311F8C7A18A636C000A3EF12</string>
			<key>isa</key>
			<string>PBXBuildFile</string>
		</dict>
		<key>3FE0E9D8FE5441FE9175F6A2</key>
		<dict>
			<key>fileRef</key>
			<string>EF564551D62B40D0BAE0BE09</string>
			<key>isa</key>
			<string>PBXBuildFile</string>
		</dict>
		<key>458FBAD712044D3AAF49AB3F</key>
		<dict>
			<key>includeInIndex</key>
			<string>1</string>
			<key>isa</key>
			<string>PBXFileReference</string>
			<key>lastKnownFileType</key>
			<string>text.xcconfig</string>
			<key>name</key>
			<string>Pods.xcconfig</string>
			<key>path</key>
			<string>Pods/Pods.xcconfig</string>
			<key>sourceTree</key>
			<string>&lt;group&gt;</string>
		</dict>
		<key>AEB247CA554E4CC495EB10B1</key>
		<dict>
			<key>buildActionMask</key>
			<string>2147483647</string>
			<key>files</key>
			<array/>
			<key>inputPaths</key>
			<array/>
			<key>isa</key>
			<string>PBXShellScriptBuildPhase</string>
			<key>name</key>
			<string>Copy Pods Resources</string>
			<key>outputPaths</key>
			<array/>
			<key>runOnlyForDeploymentPostprocessing</key>
			<string>0</string>
			<key>shellPath</key>
			<string>/bin/sh</string>
			<key>shellScript</key>
			<string>"${SRCROOT}/Pods/Pods-resources.sh"
</string>
			<key>showEnvVarsInLog</key>
			<string>0</string>
		</dict>
		<key>B602E2F4A18B4EB4A66EFECA</key>
		<dict>
			<key>buildActionMask</key>
			<string>2147483647</string>
			<key>files</key>
			<array/>
			<key>inputPaths</key>
			<array/>
			<key>isa</key>
			<string>PBXShellScriptBuildPhase</string>
			<key>name</key>
			<string>Check Pods Manifest.lock</string>
			<key>outputPaths</key>
			<array/>
			<key>runOnlyForDeploymentPostprocessing</key>
			<string>0</string>
			<key>shellPath</key>
			<string>/bin/sh</string>
			<key>shellScript</key>
			<string>diff "${PODS_ROOT}/../Podfile.lock" "${PODS_ROOT}/Manifest.lock" &gt; /dev/null
if [[ $? != 0 ]] ; then
    cat &lt;&lt; EOM
error: The sandbox is not in sync with the Podfile.lock. Run 'pod install' or update your CocoaPods installation.
EOM
    exit 1
fi
</string>
			<key>showEnvVarsInLog</key>
			<string>0</string>
		</dict>
		<key>EF564551D62B40D0BAE0BE09</key>
		<dict>
			<key>explicitFileType</key>
			<string>archive.ar</string>
			<key>includeInIndex</key>
			<string>0</string>
			<key>isa</key>
			<string>PBXFileReference</string>
			<key>path</key>
			<string>libPods.a</string>
			<key>sourceTree</key>
			<string>BUILT_PRODUCTS_DIR</string>
		</dict>
	</dict>
	<key>rootObject</key>
	<string>311F8C2A18A5F32F00A3EF12</string>
</dict>
</plist>
